
Microsoft Visual Studio Solution File, Format Version 12.00
# Visual Studio Version 16
VisualStudioVersion = 16.0.30320.27
MinimumVisualStudioVersion = 10.0.40219.1
Project("{8BC9CEB8-8B4A-11D0-8D11-00A0C91BC942}") = "1235", "1235.vcxproj", "{922EE178-6366-4323-AC81-81D024165F04}"
EndProject
Global
	GlobalSection(SolutionConfigurationPlatforms) = preSolution
		Debug|x64 = Debug|x64
		Debug|x86 = Debug|x86
		Release|x64 = Release|x64
		Release|x86 = Release|x86
	EndGlobalSection
	GlobalSection(ProjectConfigurationPlatforms) = postSolution
		{922EE178-6366-4323-AC81-81D024165F04}.Debug|x64.ActiveCfg = Debug|x64
		{922EE178-6366-4323-AC81-81D024165F04}.Debug|x64.Build.0 = Debug|x64
		{922EE178-6366-4323-AC81-81D024165F04}.Debug|x86.ActiveCfg = Debug|Win32
		{922EE178-6366-4323-AC81-81D024165F04}.Debug|x86.Build.0 = Debug|Win32
		{922EE178-6366-4323-AC81-81D024165F04}.Release|x64.ActiveCfg = Release|x64
		{922EE178-6366-4323-AC81-81D024165F04}.Release|x64.Build.0 = Release|x64
		{922EE178-6366-4323-AC81-81D024165F04}.Release|x86.ActiveCfg = Release|Win32
		{922EE178-6366-4323-AC81-81D024165F04}.Release|x86.Build.0 = Release|Win32
	EndGlobalSection
	GlobalSection(SolutionProperties) = preSolution
		HideSolutionNode = FALSE
	EndGlobalSection
	GlobalSection(ExtensibilityGlobals) = postSolution
		SolutionGuid = {9D4EC32E-44EB-48D4-94EF-254FBD9CB3E7}
	EndGlobalSection
EndGlobal
