
Microsoft Visual Studio Solution File, Format Version 12.00
# Visual Studio Version 16
VisualStudioVersion = 16.0.30320.27
MinimumVisualStudioVersion = 10.0.40219.1
Project("{8BC9CEB8-8B4A-11D0-8D11-00A0C91BC942}") = "1431", "1431.vcxproj", "{6961DA2E-9F69-4F39-A6AC-BD74E1A65A86}"
EndProject
Global
	GlobalSection(SolutionConfigurationPlatforms) = preSolution
		Debug|x64 = Debug|x64
		Debug|x86 = Debug|x86
		Release|x64 = Release|x64
		Release|x86 = Release|x86
	EndGlobalSection
	GlobalSection(ProjectConfigurationPlatforms) = postSolution
		{6961DA2E-9F69-4F39-A6AC-BD74E1A65A86}.Debug|x64.ActiveCfg = Debug|x64
		{6961DA2E-9F69-4F39-A6AC-BD74E1A65A86}.Debug|x64.Build.0 = Debug|x64
		{6961DA2E-9F69-4F39-A6AC-BD74E1A65A86}.Debug|x86.ActiveCfg = Debug|Win32
		{6961DA2E-9F69-4F39-A6AC-BD74E1A65A86}.Debug|x86.Build.0 = Debug|Win32
		{6961DA2E-9F69-4F39-A6AC-BD74E1A65A86}.Release|x64.ActiveCfg = Release|x64
		{6961DA2E-9F69-4F39-A6AC-BD74E1A65A86}.Release|x64.Build.0 = Release|x64
		{6961DA2E-9F69-4F39-A6AC-BD74E1A65A86}.Release|x86.ActiveCfg = Release|Win32
		{6961DA2E-9F69-4F39-A6AC-BD74E1A65A86}.Release|x86.Build.0 = Release|Win32
	EndGlobalSection
	GlobalSection(SolutionProperties) = preSolution
		HideSolutionNode = FALSE
	EndGlobalSection
	GlobalSection(ExtensibilityGlobals) = postSolution
		SolutionGuid = {52DF8B5E-7156-451C-A625-635201A7C3ED}
	EndGlobalSection
EndGlobal
