
Microsoft Visual Studio Solution File, Format Version 12.00
# Visual Studio Version 16
VisualStudioVersion = 16.0.33214.272
MinimumVisualStudioVersion = 10.0.40219.1
Project("{8BC9CEB8-8B4A-11D0-8D11-00A0C91BC942}") = "1865", "1865.vcxproj", "{978B3185-5D99-4E86-9754-10AD68D9FBB7}"
EndProject
Global
	GlobalSection(SolutionConfigurationPlatforms) = preSolution
		Debug|x64 = Debug|x64
		Debug|x86 = Debug|x86
		Release|x64 = Release|x64
		Release|x86 = Release|x86
	EndGlobalSection
	GlobalSection(ProjectConfigurationPlatforms) = postSolution
		{978B3185-5D99-4E86-9754-10AD68D9FBB7}.Debug|x64.ActiveCfg = Debug|x64
		{978B3185-5D99-4E86-9754-10AD68D9FBB7}.Debug|x64.Build.0 = Debug|x64
		{978B3185-5D99-4E86-9754-10AD68D9FBB7}.Debug|x86.ActiveCfg = Debug|Win32
		{978B3185-5D99-4E86-9754-10AD68D9FBB7}.Debug|x86.Build.0 = Debug|Win32
		{978B3185-5D99-4E86-9754-10AD68D9FBB7}.Release|x64.ActiveCfg = Release|x64
		{978B3185-5D99-4E86-9754-10AD68D9FBB7}.Release|x64.Build.0 = Release|x64
		{978B3185-5D99-4E86-9754-10AD68D9FBB7}.Release|x86.ActiveCfg = Release|Win32
		{978B3185-5D99-4E86-9754-10AD68D9FBB7}.Release|x86.Build.0 = Release|Win32
	EndGlobalSection
	GlobalSection(SolutionProperties) = preSolution
		HideSolutionNode = FALSE
	EndGlobalSection
	GlobalSection(ExtensibilityGlobals) = postSolution
		SolutionGuid = {9E7E92A8-1FFC-4F5B-9113-690B4E82E3D0}
	EndGlobalSection
EndGlobal
