
Microsoft Visual Studio Solution File, Format Version 12.00
# Visual Studio Version 16
VisualStudioVersion = 16.0.30320.27
MinimumVisualStudioVersion = 10.0.40219.1
Project("{8BC9CEB8-8B4A-11D0-8D11-00A0C91BC942}") = "1920", "1920.vcxproj", "{FC55129E-D8E7-49DD-AEBB-B3F28471620D}"
EndProject
Global
	GlobalSection(SolutionConfigurationPlatforms) = preSolution
		Debug|x64 = Debug|x64
		Debug|x86 = Debug|x86
		Release|x64 = Release|x64
		Release|x86 = Release|x86
	EndGlobalSection
	GlobalSection(ProjectConfigurationPlatforms) = postSolution
		{FC55129E-D8E7-49DD-AEBB-B3F28471620D}.Debug|x64.ActiveCfg = Debug|x64
		{FC55129E-D8E7-49DD-AEBB-B3F28471620D}.Debug|x64.Build.0 = Debug|x64
		{FC55129E-D8E7-49DD-AEBB-B3F28471620D}.Debug|x86.ActiveCfg = Debug|Win32
		{FC55129E-D8E7-49DD-AEBB-B3F28471620D}.Debug|x86.Build.0 = Debug|Win32
		{FC55129E-D8E7-49DD-AEBB-B3F28471620D}.Release|x64.ActiveCfg = Release|x64
		{FC55129E-D8E7-49DD-AEBB-B3F28471620D}.Release|x64.Build.0 = Release|x64
		{FC55129E-D8E7-49DD-AEBB-B3F28471620D}.Release|x86.ActiveCfg = Release|Win32
		{FC55129E-D8E7-49DD-AEBB-B3F28471620D}.Release|x86.Build.0 = Release|Win32
	EndGlobalSection
	GlobalSection(SolutionProperties) = preSolution
		HideSolutionNode = FALSE
	EndGlobalSection
	GlobalSection(ExtensibilityGlobals) = postSolution
		SolutionGuid = {424B100F-1E38-4859-BCB9-B671BAB9A9B2}
	EndGlobalSection
EndGlobal
