
Microsoft Visual Studio Solution File, Format Version 12.00
# Visual Studio Version 16
VisualStudioVersion = 16.0.30320.27
MinimumVisualStudioVersion = 10.0.40219.1
Project("{8BC9CEB8-8B4A-11D0-8D11-00A0C91BC942}") = "10991", "10991.vcxproj", "{2A42699E-DEAF-42DE-9101-BC7A49EA3A94}"
EndProject
Global
	GlobalSection(SolutionConfigurationPlatforms) = preSolution
		Debug|x64 = Debug|x64
		Debug|x86 = Debug|x86
		Release|x64 = Release|x64
		Release|x86 = Release|x86
	EndGlobalSection
	GlobalSection(ProjectConfigurationPlatforms) = postSolution
		{2A42699E-DEAF-42DE-9101-BC7A49EA3A94}.Debug|x64.ActiveCfg = Debug|x64
		{2A42699E-DEAF-42DE-9101-BC7A49EA3A94}.Debug|x64.Build.0 = Debug|x64
		{2A42699E-DEAF-42DE-9101-BC7A49EA3A94}.Debug|x86.ActiveCfg = Debug|Win32
		{2A42699E-DEAF-42DE-9101-BC7A49EA3A94}.Debug|x86.Build.0 = Debug|Win32
		{2A42699E-DEAF-42DE-9101-BC7A49EA3A94}.Release|x64.ActiveCfg = Release|x64
		{2A42699E-DEAF-42DE-9101-BC7A49EA3A94}.Release|x64.Build.0 = Release|x64
		{2A42699E-DEAF-42DE-9101-BC7A49EA3A94}.Release|x86.ActiveCfg = Release|Win32
		{2A42699E-DEAF-42DE-9101-BC7A49EA3A94}.Release|x86.Build.0 = Release|Win32
	EndGlobalSection
	GlobalSection(SolutionProperties) = preSolution
		HideSolutionNode = FALSE
	EndGlobalSection
	GlobalSection(ExtensibilityGlobals) = postSolution
		SolutionGuid = {98E03FE9-C500-482A-BD05-A3852B3F1159}
	EndGlobalSection
EndGlobal
