
Microsoft Visual Studio Solution File, Format Version 12.00
# Visual Studio Version 16
VisualStudioVersion = 16.0.30320.27
MinimumVisualStudioVersion = 10.0.40219.1
Project("{8BC9CEB8-8B4A-11D0-8D11-00A0C91BC942}") = "1065", "1065.vcxproj", "{6ED126A8-3AF3-43F2-92A3-2FB9FE652A1A}"
EndProject
Global
	GlobalSection(SolutionConfigurationPlatforms) = preSolution
		Debug|x64 = Debug|x64
		Debug|x86 = Debug|x86
		Release|x64 = Release|x64
		Release|x86 = Release|x86
	EndGlobalSection
	GlobalSection(ProjectConfigurationPlatforms) = postSolution
		{6ED126A8-3AF3-43F2-92A3-2FB9FE652A1A}.Debug|x64.ActiveCfg = Debug|x64
		{6ED126A8-3AF3-43F2-92A3-2FB9FE652A1A}.Debug|x64.Build.0 = Debug|x64
		{6ED126A8-3AF3-43F2-92A3-2FB9FE652A1A}.Debug|x86.ActiveCfg = Debug|Win32
		{6ED126A8-3AF3-43F2-92A3-2FB9FE652A1A}.Debug|x86.Build.0 = Debug|Win32
		{6ED126A8-3AF3-43F2-92A3-2FB9FE652A1A}.Release|x64.ActiveCfg = Release|x64
		{6ED126A8-3AF3-43F2-92A3-2FB9FE652A1A}.Release|x64.Build.0 = Release|x64
		{6ED126A8-3AF3-43F2-92A3-2FB9FE652A1A}.Release|x86.ActiveCfg = Release|Win32
		{6ED126A8-3AF3-43F2-92A3-2FB9FE652A1A}.Release|x86.Build.0 = Release|Win32
	EndGlobalSection
	GlobalSection(SolutionProperties) = preSolution
		HideSolutionNode = FALSE
	EndGlobalSection
	GlobalSection(ExtensibilityGlobals) = postSolution
		SolutionGuid = {A358895E-090B-4566-8D2A-5D58E3C56062}
	EndGlobalSection
EndGlobal
