
Microsoft Visual Studio Solution File, Format Version 12.00
# Visual Studio Version 16
VisualStudioVersion = 16.0.30320.27
MinimumVisualStudioVersion = 10.0.40219.1
Project("{8BC9CEB8-8B4A-11D0-8D11-00A0C91BC942}") = "2386", "2386.vcxproj", "{C1F4BCC5-1305-4E57-8F9C-88AADB416667}"
EndProject
Global
	GlobalSection(SolutionConfigurationPlatforms) = preSolution
		Debug|x64 = Debug|x64
		Debug|x86 = Debug|x86
		Release|x64 = Release|x64
		Release|x86 = Release|x86
	EndGlobalSection
	GlobalSection(ProjectConfigurationPlatforms) = postSolution
		{C1F4BCC5-1305-4E57-8F9C-88AADB416667}.Debug|x64.ActiveCfg = Debug|x64
		{C1F4BCC5-1305-4E57-8F9C-88AADB416667}.Debug|x64.Build.0 = Debug|x64
		{C1F4BCC5-1305-4E57-8F9C-88AADB416667}.Debug|x86.ActiveCfg = Debug|Win32
		{C1F4BCC5-1305-4E57-8F9C-88AADB416667}.Debug|x86.Build.0 = Debug|Win32
		{C1F4BCC5-1305-4E57-8F9C-88AADB416667}.Release|x64.ActiveCfg = Release|x64
		{C1F4BCC5-1305-4E57-8F9C-88AADB416667}.Release|x64.Build.0 = Release|x64
		{C1F4BCC5-1305-4E57-8F9C-88AADB416667}.Release|x86.ActiveCfg = Release|Win32
		{C1F4BCC5-1305-4E57-8F9C-88AADB416667}.Release|x86.Build.0 = Release|Win32
	EndGlobalSection
	GlobalSection(SolutionProperties) = preSolution
		HideSolutionNode = FALSE
	EndGlobalSection
	GlobalSection(ExtensibilityGlobals) = postSolution
		SolutionGuid = {6840D4D2-EBDC-4D95-9C14-C7D8D5CA959C}
	EndGlobalSection
EndGlobal
