
Microsoft Visual Studio Solution File, Format Version 12.00
# Visual Studio Version 16
VisualStudioVersion = 16.0.30320.27
MinimumVisualStudioVersion = 10.0.40219.1
Project("{8BC9CEB8-8B4A-11D0-8D11-00A0C91BC942}") = "1032", "1032.vcxproj", "{9C29A301-73A5-446B-AEAB-508E1BB09096}"
EndProject
Global
	GlobalSection(SolutionConfigurationPlatforms) = preSolution
		Debug|x64 = Debug|x64
		Debug|x86 = Debug|x86
		Release|x64 = Release|x64
		Release|x86 = Release|x86
	EndGlobalSection
	GlobalSection(ProjectConfigurationPlatforms) = postSolution
		{9C29A301-73A5-446B-AEAB-508E1BB09096}.Debug|x64.ActiveCfg = Debug|x64
		{9C29A301-73A5-446B-AEAB-508E1BB09096}.Debug|x64.Build.0 = Debug|x64
		{9C29A301-73A5-446B-AEAB-508E1BB09096}.Debug|x86.ActiveCfg = Debug|Win32
		{9C29A301-73A5-446B-AEAB-508E1BB09096}.Debug|x86.Build.0 = Debug|Win32
		{9C29A301-73A5-446B-AEAB-508E1BB09096}.Release|x64.ActiveCfg = Release|x64
		{9C29A301-73A5-446B-AEAB-508E1BB09096}.Release|x64.Build.0 = Release|x64
		{9C29A301-73A5-446B-AEAB-508E1BB09096}.Release|x86.ActiveCfg = Release|Win32
		{9C29A301-73A5-446B-AEAB-508E1BB09096}.Release|x86.Build.0 = Release|Win32
	EndGlobalSection
	GlobalSection(SolutionProperties) = preSolution
		HideSolutionNode = FALSE
	EndGlobalSection
	GlobalSection(ExtensibilityGlobals) = postSolution
		SolutionGuid = {7B0147DC-C4F5-4294-A7A6-122DDC3017FE}
	EndGlobalSection
EndGlobal
