
Microsoft Visual Studio Solution File, Format Version 12.00
# Visual Studio Version 16
VisualStudioVersion = 16.0.33214.272
MinimumVisualStudioVersion = 10.0.40219.1
Project("{8BC9CEB8-8B4A-11D0-8D11-00A0C91BC942}") = "11505", "11505.vcxproj", "{140E641B-90D4-440C-B764-686A7C311442}"
EndProject
Global
	GlobalSection(SolutionConfigurationPlatforms) = preSolution
		Debug|x64 = Debug|x64
		Debug|x86 = Debug|x86
		Release|x64 = Release|x64
		Release|x86 = Release|x86
	EndGlobalSection
	GlobalSection(ProjectConfigurationPlatforms) = postSolution
		{140E641B-90D4-440C-B764-686A7C311442}.Debug|x64.ActiveCfg = Debug|x64
		{140E641B-90D4-440C-B764-686A7C311442}.Debug|x64.Build.0 = Debug|x64
		{140E641B-90D4-440C-B764-686A7C311442}.Debug|x86.ActiveCfg = Debug|Win32
		{140E641B-90D4-440C-B764-686A7C311442}.Debug|x86.Build.0 = Debug|Win32
		{140E641B-90D4-440C-B764-686A7C311442}.Release|x64.ActiveCfg = Release|x64
		{140E641B-90D4-440C-B764-686A7C311442}.Release|x64.Build.0 = Release|x64
		{140E641B-90D4-440C-B764-686A7C311442}.Release|x86.ActiveCfg = Release|Win32
		{140E641B-90D4-440C-B764-686A7C311442}.Release|x86.Build.0 = Release|Win32
	EndGlobalSection
	GlobalSection(SolutionProperties) = preSolution
		HideSolutionNode = FALSE
	EndGlobalSection
	GlobalSection(ExtensibilityGlobals) = postSolution
		SolutionGuid = {002E8CE5-F96C-4BE6-AD33-64E8A29D8D58}
	EndGlobalSection
EndGlobal
