
Microsoft Visual Studio Solution File, Format Version 12.00
# Visual Studio Version 16
VisualStudioVersion = 16.0.33214.272
MinimumVisualStudioVersion = 10.0.40219.1
Project("{8BC9CEB8-8B4A-11D0-8D11-00A0C91BC942}") = "10868", "10868.vcxproj", "{DA3ACFE9-F822-44A9-9333-592CB69996CF}"
EndProject
Global
	GlobalSection(SolutionConfigurationPlatforms) = preSolution
		Debug|x64 = Debug|x64
		Debug|x86 = Debug|x86
		Release|x64 = Release|x64
		Release|x86 = Release|x86
	EndGlobalSection
	GlobalSection(ProjectConfigurationPlatforms) = postSolution
		{DA3ACFE9-F822-44A9-9333-592CB69996CF}.Debug|x64.ActiveCfg = Debug|x64
		{DA3ACFE9-F822-44A9-9333-592CB69996CF}.Debug|x64.Build.0 = Debug|x64
		{DA3ACFE9-F822-44A9-9333-592CB69996CF}.Debug|x86.ActiveCfg = Debug|Win32
		{DA3ACFE9-F822-44A9-9333-592CB69996CF}.Debug|x86.Build.0 = Debug|Win32
		{DA3ACFE9-F822-44A9-9333-592CB69996CF}.Release|x64.ActiveCfg = Release|x64
		{DA3ACFE9-F822-44A9-9333-592CB69996CF}.Release|x64.Build.0 = Release|x64
		{DA3ACFE9-F822-44A9-9333-592CB69996CF}.Release|x86.ActiveCfg = Release|Win32
		{DA3ACFE9-F822-44A9-9333-592CB69996CF}.Release|x86.Build.0 = Release|Win32
	EndGlobalSection
	GlobalSection(SolutionProperties) = preSolution
		HideSolutionNode = FALSE
	EndGlobalSection
	GlobalSection(ExtensibilityGlobals) = postSolution
		SolutionGuid = {75AEB783-7ECE-4B3C-838E-F40CC310A82F}
	EndGlobalSection
EndGlobal
