
Microsoft Visual Studio Solution File, Format Version 12.00
# Visual Studio Version 16
VisualStudioVersion = 16.0.30320.27
MinimumVisualStudioVersion = 10.0.40219.1
Project("{8BC9CEB8-8B4A-11D0-8D11-00A0C91BC942}") = "10951", "10951.vcxproj", "{C033796A-389F-44F4-83D8-25D76B443A0B}"
EndProject
Global
	GlobalSection(SolutionConfigurationPlatforms) = preSolution
		Debug|x64 = Debug|x64
		Debug|x86 = Debug|x86
		Release|x64 = Release|x64
		Release|x86 = Release|x86
	EndGlobalSection
	GlobalSection(ProjectConfigurationPlatforms) = postSolution
		{C033796A-389F-44F4-83D8-25D76B443A0B}.Debug|x64.ActiveCfg = Debug|x64
		{C033796A-389F-44F4-83D8-25D76B443A0B}.Debug|x64.Build.0 = Debug|x64
		{C033796A-389F-44F4-83D8-25D76B443A0B}.Debug|x86.ActiveCfg = Debug|Win32
		{C033796A-389F-44F4-83D8-25D76B443A0B}.Debug|x86.Build.0 = Debug|Win32
		{C033796A-389F-44F4-83D8-25D76B443A0B}.Release|x64.ActiveCfg = Release|x64
		{C033796A-389F-44F4-83D8-25D76B443A0B}.Release|x64.Build.0 = Release|x64
		{C033796A-389F-44F4-83D8-25D76B443A0B}.Release|x86.ActiveCfg = Release|Win32
		{C033796A-389F-44F4-83D8-25D76B443A0B}.Release|x86.Build.0 = Release|Win32
	EndGlobalSection
	GlobalSection(SolutionProperties) = preSolution
		HideSolutionNode = FALSE
	EndGlobalSection
	GlobalSection(ExtensibilityGlobals) = postSolution
		SolutionGuid = {A5B86CDA-43B5-4A5E-8503-1DB2A58C8726}
	EndGlobalSection
EndGlobal
